{
  "version": 4,
  "terraform_version": "1.6.5",
  "serial": 19,
  "lineage": "73ea6f81-6951-ef59-518c-4db313c0719b",
  "outputs": {},
  "resources": [
    {
      "mode": "data",
      "type": "azurerm_client_config",
      "name": "current",
      "provider": "provider[\"registry.terraform.io/hashicorp/azurerm\"]",
      "instances": [
        {
          "schema_version": 0,
          "attributes": {
            "client_id": "04b07795-8ddb-461a-bbee-02f9e1bf7b46",
            "id": "Y2xpZW50Q29uZmlncy9jbGllbnRJZD0wNGIwNzc5NS04ZGRiLTQ2MWEtYmJlZS0wMmY5ZTFiZjdiNDY7b2JqZWN0SWQ9NzdiYTJmNDEtNDUxNi00MmU1LWIwNTItZGYxZDBkMzhiN2Y4O3N1YnNjcmlwdGlvbklkPTk0ZDk4OTM2LWIwZDQtNDYzYS04NDliLWI5N2Q5ODBhZWZmNzt0ZW5hbnRJZD1hZmY5NDU0Yi03ZDUzLTRhOWItOGU3MC0zMzNlNDlmOGU5NWY=",
            "object_id": "77ba2f41-4516-42e5-b052-df1d0d38b7f8",
            "subscription_id": "94d98936-b0d4-463a-849b-b97d980aeff7",
            "tenant_id": "aff9454b-7d53-4a9b-8e70-333e49f8e95f",
            "timeouts": null
          },
          "sensitive_attributes": []
        }
      ]
    },
    {
      "mode": "managed",
      "type": "azuread_application",
      "name": "this",
      "provider": "provider[\"registry.terraform.io/hashicorp/azuread\"]",
      "instances": [
        {
          "schema_version": 0,
          "attributes": {
            "api": [
              {
                "oauth2_permission_scope": [
                  {
                    "admin_consent_description": "Allow the application to access app-aue-dev-meow2 on behalf of the signed-in user.",
                    "admin_consent_display_name": "Access app-aue-dev-meow2",
                    "enabled": true,
                    "id": "2e0d0a5f-1da6-4d01-b241-725fb2917f66",
                    "type": "User",
                    "user_consent_description": "Allow the application to access app-aue-dev-meow2 on your behalf.",
                    "user_consent_display_name": "Access app-aue-dev-meow2",
                    "value": "user_impersonation"
                  }
                ]
              }
            ],
            "app_role": [],
            "application_id": "986481bd-d5a7-4bbc-8e96-6230de48be2a",
            "available_to_other_tenants": false,
            "display_name": "app-aue-dev-meow",
            "fallback_public_client_enabled": false,
            "group_membership_claims": "",
            "homepage": "",
            "id": "b7294f95-431b-42a1-b1e5-2a183eb24c33",
            "identifier_uris": [],
            "logout_url": "",
            "name": "app-aue-dev-meow",
            "oauth2_allow_implicit_flow": false,
            "oauth2_permissions": [
              {
                "admin_consent_description": "Allow the application to access app-aue-dev-meow2 on behalf of the signed-in user.",
                "admin_consent_display_name": "Access app-aue-dev-meow2",
                "id": "2e0d0a5f-1da6-4d01-b241-725fb2917f66",
                "is_enabled": true,
                "type": "User",
                "user_consent_description": "Allow the application to access app-aue-dev-meow2 on your behalf.",
                "user_consent_display_name": "Access app-aue-dev-meow2",
                "value": "user_impersonation"
              }
            ],
            "object_id": "b7294f95-431b-42a1-b1e5-2a183eb24c33",
            "optional_claims": [],
            "owners": [],
            "prevent_duplicate_names": false,
            "public_client": false,
            "reply_urls": [],
            "required_resource_access": [],
            "sign_in_audience": "AzureADMyOrg",
            "timeouts": null,
            "type": "webapp/api",
            "web": [
              {
                "homepage_url": "",
                "implicit_grant": [
                  {
                    "access_token_issuance_enabled": false
                  }
                ],
                "logout_url": "",
                "redirect_uris": []
              }
            ]
          },
          "sensitive_attributes": [],
          "private": "eyJlMmJmYjczMC1lY2FhLTExZTYtOGY4OC0zNDM2M2JjN2M0YzAiOnsiY3JlYXRlIjozMDAwMDAwMDAwMDAsImRlbGV0ZSI6MzAwMDAwMDAwMDAwLCJyZWFkIjozMDAwMDAwMDAwMDAsInVwZGF0ZSI6MzAwMDAwMDAwMDAwfX0="
        }
      ]
    },
    {
      "mode": "managed",
      "type": "azuread_service_principal",
      "name": "this",
      "provider": "provider[\"registry.terraform.io/hashicorp/azuread\"]",
      "instances": [
        {
          "schema_version": 0,
          "attributes": {
            "app_role_assignment_required": false,
            "app_roles": [],
            "application_id": "986481bd-d5a7-4bbc-8e96-6230de48be2a",
            "display_name": "app-aue-dev-meow2",
            "id": "f5bf48f3-f564-4e41-bc31-fb66adb18c70",
            "oauth2_permission_scopes": [
              {
                "admin_consent_description": "Allow the application to access app-aue-dev-meow2 on behalf of the signed-in user.",
                "admin_consent_display_name": "Access app-aue-dev-meow2",
                "enabled": true,
                "id": "2e0d0a5f-1da6-4d01-b241-725fb2917f66",
                "type": "User",
                "user_consent_description": "Allow the application to access app-aue-dev-meow2 on your behalf.",
                "user_consent_display_name": "Access app-aue-dev-meow2",
                "value": "user_impersonation"
              }
            ],
            "oauth2_permissions": [
              {
                "admin_consent_description": "Allow the application to access app-aue-dev-meow2 on behalf of the signed-in user.",
                "admin_consent_display_name": "Access app-aue-dev-meow2",
                "id": "2e0d0a5f-1da6-4d01-b241-725fb2917f66",
                "is_enabled": true,
                "type": "User",
                "user_consent_description": "Allow the application to access app-aue-dev-meow2 on your behalf.",
                "user_consent_display_name": "Access app-aue-dev-meow2",
                "value": "user_impersonation"
              }
            ],
            "object_id": "f5bf48f3-f564-4e41-bc31-fb66adb18c70",
            "tags": []
          },
          "sensitive_attributes": [],
          "private": "bnVsbA==",
          "dependencies": [
            "azuread_application.this"
          ]
        }
      ]
    },
    {
      "mode": "managed",
      "type": "azuread_service_principal_password",
      "name": "this",
      "provider": "provider[\"registry.terraform.io/hashicorp/azuread\"]",
      "instances": [
        {
          "schema_version": 1,
          "attributes": {
            "description": "",
            "display_name": "",
            "end_date": "2025-12-08T17:30:07Z",
            "end_date_relative": null,
            "id": "f5bf48f3-f564-4e41-bc31-fb66adb18c70/password/368d87a8-f0fc-8e33-4394-bba31ebe41b5",
            "key_id": "368d87a8-f0fc-8e33-4394-bba31ebe41b5",
            "service_principal_id": "f5bf48f3-f564-4e41-bc31-fb66adb18c70",
            "start_date": "2023-12-09T17:30:08Z",
            "value": "vW(DSmSgfR@klNy="
          },
          "sensitive_attributes": [
            [
              {
                "type": "get_attr",
                "value": "value"
              }
            ]
          ],
          "private": "eyJzY2hlbWFfdmVyc2lvbiI6IjEifQ==",
          "dependencies": [
            "azuread_application.this",
            "azuread_service_principal.this",
            "azurerm_key_vault.this",
            "azurerm_key_vault_secret.service_principal",
            "azurerm_resource_group.this",
            "data.azurerm_client_config.current",
            "random_password.service_principal"
          ]
        }
      ]
    },
    {
      "mode": "managed",
      "type": "random_password",
      "name": "service_principal",
      "provider": "provider[\"registry.terraform.io/hashicorp/random\"]",
      "instances": [
        {
          "schema_version": 3,
          "attributes": {
            "bcrypt_hash": "$2a$10$N56a58gluMOihv0GdzHry.6D0r6dp5U6s93K5/B6DWPbRiVhPGxQ2",
            "id": "none",
            "keepers": null,
            "length": 16,
            "lower": true,
            "min_lower": 0,
            "min_numeric": 0,
            "min_special": 0,
            "min_upper": 0,
            "number": true,
            "numeric": true,
            "override_special": null,
            "result": "vW(DSmSgfR@klNy=",
            "special": true,
            "upper": true
          },
          "sensitive_attributes": []
        }
      ]
    }
  ],
  "check_results": null
}
